### YamlMime:ManagedReference
items:
- uid: Biwen.QuickApi.Infrastructure.Locking.ILocalLock
  commentId: T:Biwen.QuickApi.Infrastructure.Locking.ILocalLock
  id: ILocalLock
  parent: Biwen.QuickApi.Infrastructure.Locking
  children: []
  langs:
  - csharp
  - vb
  name: ILocalLock
  nameWithType: ILocalLock
  fullName: Biwen.QuickApi.Infrastructure.Locking.ILocalLock
  type: Interface
  source:
    href: https://github.com/vipwan/Biwen.QuickApi/blob/38e408bd0a58385491e8c70a6f69276e9eedf8c6/Biwen.QuickApi/Infrastructure/Locking/ILock.cs
  assemblies:
  - Biwen.QuickApi
  namespace: Biwen.QuickApi.Infrastructure.Locking
  summary: ILocalLock
  example: []
  syntax:
    content: 'public interface ILocalLock : ILock'
    content.vb: Public Interface ILocalLock Inherits ILock
  inheritedMembers:
  - Biwen.QuickApi.Infrastructure.Locking.ILock.AcquireLockAsync(System.String,System.Nullable{System.TimeSpan})
  - Biwen.QuickApi.Infrastructure.Locking.ILock.TryAcquireLockAsync(System.String,System.TimeSpan,System.Nullable{System.TimeSpan})
  - Biwen.QuickApi.Infrastructure.Locking.ILock.IsLockAcquiredAsync(System.String)
  extensionMethods:
  - Biwen.QuickApi.Infrastructure.Locking.ILocalLock.Biwen.QuickApi.Application.EntityEvents.EntityExtensions.PublishAddedAsync``1
  - Biwen.QuickApi.Infrastructure.Locking.ILocalLock.Biwen.QuickApi.Application.EntityEvents.EntityExtensions.PublishDeletedAsync``1
  - Biwen.QuickApi.Infrastructure.Locking.ILocalLock.Biwen.QuickApi.Application.EntityEvents.EntityExtensions.PublishUpdatedAsync``1
references:
- uid: Biwen.QuickApi.Infrastructure.Locking
  commentId: N:Biwen.QuickApi.Infrastructure.Locking
  isExternal: true
  href: Biwen.html
  name: Biwen.QuickApi.Infrastructure.Locking
  nameWithType: Biwen.QuickApi.Infrastructure.Locking
  fullName: Biwen.QuickApi.Infrastructure.Locking
  spec.csharp:
  - uid: Biwen
    name: Biwen
    isExternal: true
    href: Biwen.html
  - name: .
  - uid: Biwen.QuickApi
    name: QuickApi
    isExternal: true
    href: Biwen.QuickApi.html
  - name: .
  - uid: Biwen.QuickApi.Infrastructure
    name: Infrastructure
    isExternal: true
    href: Biwen.QuickApi.Infrastructure.html
  - name: .
  - uid: Biwen.QuickApi.Infrastructure.Locking
    name: Locking
    isExternal: true
    href: Biwen.QuickApi.Infrastructure.Locking.html
  spec.vb:
  - uid: Biwen
    name: Biwen
    isExternal: true
    href: Biwen.html
  - name: .
  - uid: Biwen.QuickApi
    name: QuickApi
    isExternal: true
    href: Biwen.QuickApi.html
  - name: .
  - uid: Biwen.QuickApi.Infrastructure
    name: Infrastructure
    isExternal: true
    href: Biwen.QuickApi.Infrastructure.html
  - name: .
  - uid: Biwen.QuickApi.Infrastructure.Locking
    name: Locking
    isExternal: true
    href: Biwen.QuickApi.Infrastructure.Locking.html
- uid: Biwen.QuickApi.Infrastructure.Locking.ILock.AcquireLockAsync(System.String,System.Nullable{System.TimeSpan})
  commentId: M:Biwen.QuickApi.Infrastructure.Locking.ILock.AcquireLockAsync(System.String,System.Nullable{System.TimeSpan})
  parent: Biwen.QuickApi.Infrastructure.Locking.ILock
  isExternal: true
  href: Biwen.QuickApi.Infrastructure.Locking.ILock.html#Biwen_QuickApi_Infrastructure_Locking_ILock_AcquireLockAsync_System_String_System_Nullable_System_TimeSpan__
  name: AcquireLockAsync(string, TimeSpan?)
  nameWithType: ILock.AcquireLockAsync(string, TimeSpan?)
  fullName: Biwen.QuickApi.Infrastructure.Locking.ILock.AcquireLockAsync(string, System.TimeSpan?)
  nameWithType.vb: ILock.AcquireLockAsync(String, TimeSpan?)
  fullName.vb: Biwen.QuickApi.Infrastructure.Locking.ILock.AcquireLockAsync(String, System.TimeSpan?)
  name.vb: AcquireLockAsync(String, TimeSpan?)
  spec.csharp:
  - uid: Biwen.QuickApi.Infrastructure.Locking.ILock.AcquireLockAsync(System.String,System.Nullable{System.TimeSpan})
    name: AcquireLockAsync
    isExternal: true
    href: Biwen.QuickApi.Infrastructure.Locking.ILock.html#Biwen_QuickApi_Infrastructure_Locking_ILock_AcquireLockAsync_System_String_System_Nullable_System_TimeSpan__
  - name: (
  - uid: System.String
    name: string
    isExternal: true
    href: https://learn.microsoft.com/dotnet/api/system.string
  - name: ','
  - name: " "
  - uid: System.TimeSpan
    name: TimeSpan
    isExternal: true
    href: https://learn.microsoft.com/dotnet/api/system.timespan
  - name: '?'
  - name: )
  spec.vb:
  - uid: Biwen.QuickApi.Infrastructure.Locking.ILock.AcquireLockAsync(System.String,System.Nullable{System.TimeSpan})
    name: AcquireLockAsync
    isExternal: true
    href: Biwen.QuickApi.Infrastructure.Locking.ILock.html#Biwen_QuickApi_Infrastructure_Locking_ILock_AcquireLockAsync_System_String_System_Nullable_System_TimeSpan__
  - name: (
  - uid: System.String
    name: String
    isExternal: true
    href: https://learn.microsoft.com/dotnet/api/system.string
  - name: ','
  - name: " "
  - uid: System.TimeSpan
    name: TimeSpan
    isExternal: true
    href: https://learn.microsoft.com/dotnet/api/system.timespan
  - name: '?'
  - name: )
- uid: Biwen.QuickApi.Infrastructure.Locking.ILock.TryAcquireLockAsync(System.String,System.TimeSpan,System.Nullable{System.TimeSpan})
  commentId: M:Biwen.QuickApi.Infrastructure.Locking.ILock.TryAcquireLockAsync(System.String,System.TimeSpan,System.Nullable{System.TimeSpan})
  parent: Biwen.QuickApi.Infrastructure.Locking.ILock
  isExternal: true
  href: Biwen.QuickApi.Infrastructure.Locking.ILock.html#Biwen_QuickApi_Infrastructure_Locking_ILock_TryAcquireLockAsync_System_String_System_TimeSpan_System_Nullable_System_TimeSpan__
  name: TryAcquireLockAsync(string, TimeSpan, TimeSpan?)
  nameWithType: ILock.TryAcquireLockAsync(string, TimeSpan, TimeSpan?)
  fullName: Biwen.QuickApi.Infrastructure.Locking.ILock.TryAcquireLockAsync(string, System.TimeSpan, System.TimeSpan?)
  nameWithType.vb: ILock.TryAcquireLockAsync(String, TimeSpan, TimeSpan?)
  fullName.vb: Biwen.QuickApi.Infrastructure.Locking.ILock.TryAcquireLockAsync(String, System.TimeSpan, System.TimeSpan?)
  name.vb: TryAcquireLockAsync(String, TimeSpan, TimeSpan?)
  spec.csharp:
  - uid: Biwen.QuickApi.Infrastructure.Locking.ILock.TryAcquireLockAsync(System.String,System.TimeSpan,System.Nullable{System.TimeSpan})
    name: TryAcquireLockAsync
    isExternal: true
    href: Biwen.QuickApi.Infrastructure.Locking.ILock.html#Biwen_QuickApi_Infrastructure_Locking_ILock_TryAcquireLockAsync_System_String_System_TimeSpan_System_Nullable_System_TimeSpan__
  - name: (
  - uid: System.String
    name: string
    isExternal: true
    href: https://learn.microsoft.com/dotnet/api/system.string
  - name: ','
  - name: " "
  - uid: System.TimeSpan
    name: TimeSpan
    isExternal: true
    href: https://learn.microsoft.com/dotnet/api/system.timespan
  - name: ','
  - name: " "
  - uid: System.TimeSpan
    name: TimeSpan
    isExternal: true
    href: https://learn.microsoft.com/dotnet/api/system.timespan
  - name: '?'
  - name: )
  spec.vb:
  - uid: Biwen.QuickApi.Infrastructure.Locking.ILock.TryAcquireLockAsync(System.String,System.TimeSpan,System.Nullable{System.TimeSpan})
    name: TryAcquireLockAsync
    isExternal: true
    href: Biwen.QuickApi.Infrastructure.Locking.ILock.html#Biwen_QuickApi_Infrastructure_Locking_ILock_TryAcquireLockAsync_System_String_System_TimeSpan_System_Nullable_System_TimeSpan__
  - name: (
  - uid: System.String
    name: String
    isExternal: true
    href: https://learn.microsoft.com/dotnet/api/system.string
  - name: ','
  - name: " "
  - uid: System.TimeSpan
    name: TimeSpan
    isExternal: true
    href: https://learn.microsoft.com/dotnet/api/system.timespan
  - name: ','
  - name: " "
  - uid: System.TimeSpan
    name: TimeSpan
    isExternal: true
    href: https://learn.microsoft.com/dotnet/api/system.timespan
  - name: '?'
  - name: )
- uid: Biwen.QuickApi.Infrastructure.Locking.ILock.IsLockAcquiredAsync(System.String)
  commentId: M:Biwen.QuickApi.Infrastructure.Locking.ILock.IsLockAcquiredAsync(System.String)
  parent: Biwen.QuickApi.Infrastructure.Locking.ILock
  isExternal: true
  href: Biwen.QuickApi.Infrastructure.Locking.ILock.html#Biwen_QuickApi_Infrastructure_Locking_ILock_IsLockAcquiredAsync_System_String_
  name: IsLockAcquiredAsync(string)
  nameWithType: ILock.IsLockAcquiredAsync(string)
  fullName: Biwen.QuickApi.Infrastructure.Locking.ILock.IsLockAcquiredAsync(string)
  nameWithType.vb: ILock.IsLockAcquiredAsync(String)
  fullName.vb: Biwen.QuickApi.Infrastructure.Locking.ILock.IsLockAcquiredAsync(String)
  name.vb: IsLockAcquiredAsync(String)
  spec.csharp:
  - uid: Biwen.QuickApi.Infrastructure.Locking.ILock.IsLockAcquiredAsync(System.String)
    name: IsLockAcquiredAsync
    isExternal: true
    href: Biwen.QuickApi.Infrastructure.Locking.ILock.html#Biwen_QuickApi_Infrastructure_Locking_ILock_IsLockAcquiredAsync_System_String_
  - name: (
  - uid: System.String
    name: string
    isExternal: true
    href: https://learn.microsoft.com/dotnet/api/system.string
  - name: )
  spec.vb:
  - uid: Biwen.QuickApi.Infrastructure.Locking.ILock.IsLockAcquiredAsync(System.String)
    name: IsLockAcquiredAsync
    isExternal: true
    href: Biwen.QuickApi.Infrastructure.Locking.ILock.html#Biwen_QuickApi_Infrastructure_Locking_ILock_IsLockAcquiredAsync_System_String_
  - name: (
  - uid: System.String
    name: String
    isExternal: true
    href: https://learn.microsoft.com/dotnet/api/system.string
  - name: )
- uid: Biwen.QuickApi.Infrastructure.Locking.ILocalLock.Biwen.QuickApi.Application.EntityEvents.EntityExtensions.PublishAddedAsync``1
  commentId: M:Biwen.QuickApi.Application.EntityEvents.EntityExtensions.PublishAddedAsync``1(``0)
  parent: Biwen.QuickApi.Application.EntityEvents.EntityExtensions
  definition: Biwen.QuickApi.Application.EntityEvents.EntityExtensions.PublishAddedAsync``1(``0)
  href: Biwen.QuickApi.Application.EntityEvents.EntityExtensions.html#Biwen_QuickApi_Application_EntityEvents_EntityExtensions_PublishAddedAsync__1___0_
  name: PublishAddedAsync<ILocalLock>(ILocalLock)
  nameWithType: EntityExtensions.PublishAddedAsync<ILocalLock>(ILocalLock)
  fullName: Biwen.QuickApi.Application.EntityEvents.EntityExtensions.PublishAddedAsync<Biwen.QuickApi.Infrastructure.Locking.ILocalLock>(Biwen.QuickApi.Infrastructure.Locking.ILocalLock)
  nameWithType.vb: EntityExtensions.PublishAddedAsync(Of ILocalLock)(ILocalLock)
  fullName.vb: Biwen.QuickApi.Application.EntityEvents.EntityExtensions.PublishAddedAsync(Of Biwen.QuickApi.Infrastructure.Locking.ILocalLock)(Biwen.QuickApi.Infrastructure.Locking.ILocalLock)
  name.vb: PublishAddedAsync(Of ILocalLock)(ILocalLock)
  spec.csharp:
  - uid: Biwen.QuickApi.Application.EntityEvents.EntityExtensions.PublishAddedAsync``1(Biwen.QuickApi.Infrastructure.Locking.ILocalLock)
    name: PublishAddedAsync
    isExternal: true
    href: Biwen.QuickApi.Application.EntityEvents.EntityExtensions.html#Biwen_QuickApi_Application_EntityEvents_EntityExtensions_PublishAddedAsync__1___0_
  - name: <
  - uid: Biwen.QuickApi.Infrastructure.Locking.ILocalLock
    name: ILocalLock
    isExternal: true
    href: Biwen.QuickApi.Infrastructure.Locking.ILocalLock.html
  - name: '>'
  - name: (
  - uid: Biwen.QuickApi.Infrastructure.Locking.ILocalLock
    name: ILocalLock
    isExternal: true
    href: Biwen.QuickApi.Infrastructure.Locking.ILocalLock.html
  - name: )
  spec.vb:
  - uid: Biwen.QuickApi.Application.EntityEvents.EntityExtensions.PublishAddedAsync``1(Biwen.QuickApi.Infrastructure.Locking.ILocalLock)
    name: PublishAddedAsync
    isExternal: true
    href: Biwen.QuickApi.Application.EntityEvents.EntityExtensions.html#Biwen_QuickApi_Application_EntityEvents_EntityExtensions_PublishAddedAsync__1___0_
  - name: (
  - name: Of
  - name: " "
  - uid: Biwen.QuickApi.Infrastructure.Locking.ILocalLock
    name: ILocalLock
    isExternal: true
    href: Biwen.QuickApi.Infrastructure.Locking.ILocalLock.html
  - name: )
  - name: (
  - uid: Biwen.QuickApi.Infrastructure.Locking.ILocalLock
    name: ILocalLock
    isExternal: true
    href: Biwen.QuickApi.Infrastructure.Locking.ILocalLock.html
  - name: )
- uid: Biwen.QuickApi.Infrastructure.Locking.ILocalLock.Biwen.QuickApi.Application.EntityEvents.EntityExtensions.PublishDeletedAsync``1
  commentId: M:Biwen.QuickApi.Application.EntityEvents.EntityExtensions.PublishDeletedAsync``1(``0)
  parent: Biwen.QuickApi.Application.EntityEvents.EntityExtensions
  definition: Biwen.QuickApi.Application.EntityEvents.EntityExtensions.PublishDeletedAsync``1(``0)
  href: Biwen.QuickApi.Application.EntityEvents.EntityExtensions.html#Biwen_QuickApi_Application_EntityEvents_EntityExtensions_PublishDeletedAsync__1___0_
  name: PublishDeletedAsync<ILocalLock>(ILocalLock)
  nameWithType: EntityExtensions.PublishDeletedAsync<ILocalLock>(ILocalLock)
  fullName: Biwen.QuickApi.Application.EntityEvents.EntityExtensions.PublishDeletedAsync<Biwen.QuickApi.Infrastructure.Locking.ILocalLock>(Biwen.QuickApi.Infrastructure.Locking.ILocalLock)
  nameWithType.vb: EntityExtensions.PublishDeletedAsync(Of ILocalLock)(ILocalLock)
  fullName.vb: Biwen.QuickApi.Application.EntityEvents.EntityExtensions.PublishDeletedAsync(Of Biwen.QuickApi.Infrastructure.Locking.ILocalLock)(Biwen.QuickApi.Infrastructure.Locking.ILocalLock)
  name.vb: PublishDeletedAsync(Of ILocalLock)(ILocalLock)
  spec.csharp:
  - uid: Biwen.QuickApi.Application.EntityEvents.EntityExtensions.PublishDeletedAsync``1(Biwen.QuickApi.Infrastructure.Locking.ILocalLock)
    name: PublishDeletedAsync
    isExternal: true
    href: Biwen.QuickApi.Application.EntityEvents.EntityExtensions.html#Biwen_QuickApi_Application_EntityEvents_EntityExtensions_PublishDeletedAsync__1___0_
  - name: <
  - uid: Biwen.QuickApi.Infrastructure.Locking.ILocalLock
    name: ILocalLock
    isExternal: true
    href: Biwen.QuickApi.Infrastructure.Locking.ILocalLock.html
  - name: '>'
  - name: (
  - uid: Biwen.QuickApi.Infrastructure.Locking.ILocalLock
    name: ILocalLock
    isExternal: true
    href: Biwen.QuickApi.Infrastructure.Locking.ILocalLock.html
  - name: )
  spec.vb:
  - uid: Biwen.QuickApi.Application.EntityEvents.EntityExtensions.PublishDeletedAsync``1(Biwen.QuickApi.Infrastructure.Locking.ILocalLock)
    name: PublishDeletedAsync
    isExternal: true
    href: Biwen.QuickApi.Application.EntityEvents.EntityExtensions.html#Biwen_QuickApi_Application_EntityEvents_EntityExtensions_PublishDeletedAsync__1___0_
  - name: (
  - name: Of
  - name: " "
  - uid: Biwen.QuickApi.Infrastructure.Locking.ILocalLock
    name: ILocalLock
    isExternal: true
    href: Biwen.QuickApi.Infrastructure.Locking.ILocalLock.html
  - name: )
  - name: (
  - uid: Biwen.QuickApi.Infrastructure.Locking.ILocalLock
    name: ILocalLock
    isExternal: true
    href: Biwen.QuickApi.Infrastructure.Locking.ILocalLock.html
  - name: )
- uid: Biwen.QuickApi.Infrastructure.Locking.ILocalLock.Biwen.QuickApi.Application.EntityEvents.EntityExtensions.PublishUpdatedAsync``1
  commentId: M:Biwen.QuickApi.Application.EntityEvents.EntityExtensions.PublishUpdatedAsync``1(``0)
  parent: Biwen.QuickApi.Application.EntityEvents.EntityExtensions
  definition: Biwen.QuickApi.Application.EntityEvents.EntityExtensions.PublishUpdatedAsync``1(``0)
  href: Biwen.QuickApi.Application.EntityEvents.EntityExtensions.html#Biwen_QuickApi_Application_EntityEvents_EntityExtensions_PublishUpdatedAsync__1___0_
  name: PublishUpdatedAsync<ILocalLock>(ILocalLock)
  nameWithType: EntityExtensions.PublishUpdatedAsync<ILocalLock>(ILocalLock)
  fullName: Biwen.QuickApi.Application.EntityEvents.EntityExtensions.PublishUpdatedAsync<Biwen.QuickApi.Infrastructure.Locking.ILocalLock>(Biwen.QuickApi.Infrastructure.Locking.ILocalLock)
  nameWithType.vb: EntityExtensions.PublishUpdatedAsync(Of ILocalLock)(ILocalLock)
  fullName.vb: Biwen.QuickApi.Application.EntityEvents.EntityExtensions.PublishUpdatedAsync(Of Biwen.QuickApi.Infrastructure.Locking.ILocalLock)(Biwen.QuickApi.Infrastructure.Locking.ILocalLock)
  name.vb: PublishUpdatedAsync(Of ILocalLock)(ILocalLock)
  spec.csharp:
  - uid: Biwen.QuickApi.Application.EntityEvents.EntityExtensions.PublishUpdatedAsync``1(Biwen.QuickApi.Infrastructure.Locking.ILocalLock)
    name: PublishUpdatedAsync
    isExternal: true
    href: Biwen.QuickApi.Application.EntityEvents.EntityExtensions.html#Biwen_QuickApi_Application_EntityEvents_EntityExtensions_PublishUpdatedAsync__1___0_
  - name: <
  - uid: Biwen.QuickApi.Infrastructure.Locking.ILocalLock
    name: ILocalLock
    isExternal: true
    href: Biwen.QuickApi.Infrastructure.Locking.ILocalLock.html
  - name: '>'
  - name: (
  - uid: Biwen.QuickApi.Infrastructure.Locking.ILocalLock
    name: ILocalLock
    isExternal: true
    href: Biwen.QuickApi.Infrastructure.Locking.ILocalLock.html
  - name: )
  spec.vb:
  - uid: Biwen.QuickApi.Application.EntityEvents.EntityExtensions.PublishUpdatedAsync``1(Biwen.QuickApi.Infrastructure.Locking.ILocalLock)
    name: PublishUpdatedAsync
    isExternal: true
    href: Biwen.QuickApi.Application.EntityEvents.EntityExtensions.html#Biwen_QuickApi_Application_EntityEvents_EntityExtensions_PublishUpdatedAsync__1___0_
  - name: (
  - name: Of
  - name: " "
  - uid: Biwen.QuickApi.Infrastructure.Locking.ILocalLock
    name: ILocalLock
    isExternal: true
    href: Biwen.QuickApi.Infrastructure.Locking.ILocalLock.html
  - name: )
  - name: (
  - uid: Biwen.QuickApi.Infrastructure.Locking.ILocalLock
    name: ILocalLock
    isExternal: true
    href: Biwen.QuickApi.Infrastructure.Locking.ILocalLock.html
  - name: )
- uid: Biwen.QuickApi.Infrastructure.Locking.ILock
  commentId: T:Biwen.QuickApi.Infrastructure.Locking.ILock
  parent: Biwen.QuickApi.Infrastructure.Locking
  isExternal: true
  href: Biwen.QuickApi.Infrastructure.Locking.ILock.html
  name: ILock
  nameWithType: ILock
  fullName: Biwen.QuickApi.Infrastructure.Locking.ILock
- uid: Biwen.QuickApi.Application.EntityEvents.EntityExtensions.PublishAddedAsync``1(``0)
  commentId: M:Biwen.QuickApi.Application.EntityEvents.EntityExtensions.PublishAddedAsync``1(``0)
  isExternal: true
  href: Biwen.QuickApi.Application.EntityEvents.EntityExtensions.html#Biwen_QuickApi_Application_EntityEvents_EntityExtensions_PublishAddedAsync__1___0_
  name: PublishAddedAsync<T>(T)
  nameWithType: EntityExtensions.PublishAddedAsync<T>(T)
  fullName: Biwen.QuickApi.Application.EntityEvents.EntityExtensions.PublishAddedAsync<T>(T)
  nameWithType.vb: EntityExtensions.PublishAddedAsync(Of T)(T)
  fullName.vb: Biwen.QuickApi.Application.EntityEvents.EntityExtensions.PublishAddedAsync(Of T)(T)
  name.vb: PublishAddedAsync(Of T)(T)
  spec.csharp:
  - uid: Biwen.QuickApi.Application.EntityEvents.EntityExtensions.PublishAddedAsync``1(``0)
    name: PublishAddedAsync
    isExternal: true
    href: Biwen.QuickApi.Application.EntityEvents.EntityExtensions.html#Biwen_QuickApi_Application_EntityEvents_EntityExtensions_PublishAddedAsync__1___0_
  - name: <
  - name: T
  - name: '>'
  - name: (
  - name: T
  - name: )
  spec.vb:
  - uid: Biwen.QuickApi.Application.EntityEvents.EntityExtensions.PublishAddedAsync``1(``0)
    name: PublishAddedAsync
    isExternal: true
    href: Biwen.QuickApi.Application.EntityEvents.EntityExtensions.html#Biwen_QuickApi_Application_EntityEvents_EntityExtensions_PublishAddedAsync__1___0_
  - name: (
  - name: Of
  - name: " "
  - name: T
  - name: )
  - name: (
  - name: T
  - name: )
- uid: Biwen.QuickApi.Application.EntityEvents.EntityExtensions
  commentId: T:Biwen.QuickApi.Application.EntityEvents.EntityExtensions
  parent: Biwen.QuickApi.Application.EntityEvents
  isExternal: true
  href: Biwen.QuickApi.Application.EntityEvents.EntityExtensions.html
  name: EntityExtensions
  nameWithType: EntityExtensions
  fullName: Biwen.QuickApi.Application.EntityEvents.EntityExtensions
- uid: Biwen.QuickApi.Application.EntityEvents.EntityExtensions.PublishDeletedAsync``1(``0)
  commentId: M:Biwen.QuickApi.Application.EntityEvents.EntityExtensions.PublishDeletedAsync``1(``0)
  isExternal: true
  href: Biwen.QuickApi.Application.EntityEvents.EntityExtensions.html#Biwen_QuickApi_Application_EntityEvents_EntityExtensions_PublishDeletedAsync__1___0_
  name: PublishDeletedAsync<T>(T)
  nameWithType: EntityExtensions.PublishDeletedAsync<T>(T)
  fullName: Biwen.QuickApi.Application.EntityEvents.EntityExtensions.PublishDeletedAsync<T>(T)
  nameWithType.vb: EntityExtensions.PublishDeletedAsync(Of T)(T)
  fullName.vb: Biwen.QuickApi.Application.EntityEvents.EntityExtensions.PublishDeletedAsync(Of T)(T)
  name.vb: PublishDeletedAsync(Of T)(T)
  spec.csharp:
  - uid: Biwen.QuickApi.Application.EntityEvents.EntityExtensions.PublishDeletedAsync``1(``0)
    name: PublishDeletedAsync
    isExternal: true
    href: Biwen.QuickApi.Application.EntityEvents.EntityExtensions.html#Biwen_QuickApi_Application_EntityEvents_EntityExtensions_PublishDeletedAsync__1___0_
  - name: <
  - name: T
  - name: '>'
  - name: (
  - name: T
  - name: )
  spec.vb:
  - uid: Biwen.QuickApi.Application.EntityEvents.EntityExtensions.PublishDeletedAsync``1(``0)
    name: PublishDeletedAsync
    isExternal: true
    href: Biwen.QuickApi.Application.EntityEvents.EntityExtensions.html#Biwen_QuickApi_Application_EntityEvents_EntityExtensions_PublishDeletedAsync__1___0_
  - name: (
  - name: Of
  - name: " "
  - name: T
  - name: )
  - name: (
  - name: T
  - name: )
- uid: Biwen.QuickApi.Application.EntityEvents.EntityExtensions.PublishUpdatedAsync``1(``0)
  commentId: M:Biwen.QuickApi.Application.EntityEvents.EntityExtensions.PublishUpdatedAsync``1(``0)
  isExternal: true
  href: Biwen.QuickApi.Application.EntityEvents.EntityExtensions.html#Biwen_QuickApi_Application_EntityEvents_EntityExtensions_PublishUpdatedAsync__1___0_
  name: PublishUpdatedAsync<T>(T)
  nameWithType: EntityExtensions.PublishUpdatedAsync<T>(T)
  fullName: Biwen.QuickApi.Application.EntityEvents.EntityExtensions.PublishUpdatedAsync<T>(T)
  nameWithType.vb: EntityExtensions.PublishUpdatedAsync(Of T)(T)
  fullName.vb: Biwen.QuickApi.Application.EntityEvents.EntityExtensions.PublishUpdatedAsync(Of T)(T)
  name.vb: PublishUpdatedAsync(Of T)(T)
  spec.csharp:
  - uid: Biwen.QuickApi.Application.EntityEvents.EntityExtensions.PublishUpdatedAsync``1(``0)
    name: PublishUpdatedAsync
    isExternal: true
    href: Biwen.QuickApi.Application.EntityEvents.EntityExtensions.html#Biwen_QuickApi_Application_EntityEvents_EntityExtensions_PublishUpdatedAsync__1___0_
  - name: <
  - name: T
  - name: '>'
  - name: (
  - name: T
  - name: )
  spec.vb:
  - uid: Biwen.QuickApi.Application.EntityEvents.EntityExtensions.PublishUpdatedAsync``1(``0)
    name: PublishUpdatedAsync
    isExternal: true
    href: Biwen.QuickApi.Application.EntityEvents.EntityExtensions.html#Biwen_QuickApi_Application_EntityEvents_EntityExtensions_PublishUpdatedAsync__1___0_
  - name: (
  - name: Of
  - name: " "
  - name: T
  - name: )
  - name: (
  - name: T
  - name: )
- uid: Biwen.QuickApi.Application.EntityEvents
  commentId: N:Biwen.QuickApi.Application.EntityEvents
  isExternal: true
  href: Biwen.html
  name: Biwen.QuickApi.Application.EntityEvents
  nameWithType: Biwen.QuickApi.Application.EntityEvents
  fullName: Biwen.QuickApi.Application.EntityEvents
  spec.csharp:
  - uid: Biwen
    name: Biwen
    isExternal: true
    href: Biwen.html
  - name: .
  - uid: Biwen.QuickApi
    name: QuickApi
    isExternal: true
    href: Biwen.QuickApi.html
  - name: .
  - uid: Biwen.QuickApi.Application
    name: Application
    isExternal: true
    href: Biwen.QuickApi.Application.html
  - name: .
  - uid: Biwen.QuickApi.Application.EntityEvents
    name: EntityEvents
    isExternal: true
    href: Biwen.QuickApi.Application.EntityEvents.html
  spec.vb:
  - uid: Biwen
    name: Biwen
    isExternal: true
    href: Biwen.html
  - name: .
  - uid: Biwen.QuickApi
    name: QuickApi
    isExternal: true
    href: Biwen.QuickApi.html
  - name: .
  - uid: Biwen.QuickApi.Application
    name: Application
    isExternal: true
    href: Biwen.QuickApi.Application.html
  - name: .
  - uid: Biwen.QuickApi.Application.EntityEvents
    name: EntityEvents
    isExternal: true
    href: Biwen.QuickApi.Application.EntityEvents.html
