
Microsoft Visual Studio Solution File, Format Version 12.00
# Visual Studio Version 17
VisualStudioVersion = 17.8.34112.27
MinimumVisualStudioVersion = 10.0.40219.1
Project("{9A19103F-16F7-4668-BE54-9A1E7A4F7556}") = "Biwen.QuickApi", "Biwen.QuickApi\Biwen.QuickApi.csproj", "{6F9B9A49-F7BC-488B-A524-82AAEB91FC1B}"
EndProject
Project("{9A19103F-16F7-4668-BE54-9A1E7A4F7556}") = "Biwen.QuickApi.DemoWeb", "Biwen.QuickApi.DemoWeb\Biwen.QuickApi.DemoWeb.csproj", "{548820F6-1948-47C6-BDC7-C464252E5435}"
EndProject
Project("{2150E333-8FDC-42A3-9474-1A3956D46DE8}") = "Docs", "Docs", "{4630727F-71ED-4B48-A705-22315C64CC4F}"
EndProject
Project("{2150E333-8FDC-42A3-9474-1A3956D46DE8}") = "Solution Items", "Solution Items", "{C972BD5C-0F5C-4C85-A1FE-500A46DA5B42}"
	ProjectSection(SolutionItems) = preProject
		.editorconfig = .editorconfig
		.gitattributes = .gitattributes
		.gitignore = .gitignore
		LICENSE.txt = LICENSE.txt
		README.md = README.md
		quickapi-schema.json = quickapi-schema.json
	EndProjectSection
EndProject
Project("{2150E333-8FDC-42A3-9474-1A3956D46DE8}") = "Benchmark", "Benchmark", "{81A129FD-9B47-4F4A-B80C-1785A3DDB6CA}"
EndProject
Project("{9A19103F-16F7-4668-BE54-9A1E7A4F7556}") = "BenchmarkTestWeb", "BenchmarkTestWeb\BenchmarkTestWeb.csproj", "{5C9360F0-D049-4D1C-8538-C2C17FD764E3}"
EndProject
Project("{9A19103F-16F7-4668-BE54-9A1E7A4F7556}") = "Runner", "Runner\Runner.csproj", "{81FCF2FC-A91C-4893-8EC0-D83530CBB90E}"
EndProject
Project("{9A19103F-16F7-4668-BE54-9A1E7A4F7556}") = "BenchmarkTestAot", "BenchmarkTestAot\BenchmarkTestAot.csproj", "{AB9F289F-CFF8-48A8-A3ED-86149F48EF88}"
EndProject
Project("{2150E333-8FDC-42A3-9474-1A3956D46DE8}") = "Tests", "Tests", "{B8089D1A-39E2-4A11-834C-0BC3DEEE9D93}"
EndProject
Project("{9A19103F-16F7-4668-BE54-9A1E7A4F7556}") = "Biwen.QuickApi.Test", "Biwen.QuickApi.Test\Biwen.QuickApi.Test.csproj", "{A719FF32-F507-439A-87A4-DDE59354B01C}"
EndProject
Project("{9A19103F-16F7-4668-BE54-9A1E7A4F7556}") = "Biwen.QuickApi.DocSite", "Biwen.QuickApi.DocSite\Biwen.QuickApi.DocSite.csproj", "{E05260DF-AE1C-4451-83DB-51324113C8AA}"
EndProject
Global
	GlobalSection(SolutionConfigurationPlatforms) = preSolution
		Debug|Any CPU = Debug|Any CPU
		Release|Any CPU = Release|Any CPU
	EndGlobalSection
	GlobalSection(ProjectConfigurationPlatforms) = postSolution
		{6F9B9A49-F7BC-488B-A524-82AAEB91FC1B}.Debug|Any CPU.ActiveCfg = Debug|Any CPU
		{6F9B9A49-F7BC-488B-A524-82AAEB91FC1B}.Debug|Any CPU.Build.0 = Debug|Any CPU
		{6F9B9A49-F7BC-488B-A524-82AAEB91FC1B}.Release|Any CPU.ActiveCfg = Release|Any CPU
		{6F9B9A49-F7BC-488B-A524-82AAEB91FC1B}.Release|Any CPU.Build.0 = Release|Any CPU
		{548820F6-1948-47C6-BDC7-C464252E5435}.Debug|Any CPU.ActiveCfg = Debug|Any CPU
		{548820F6-1948-47C6-BDC7-C464252E5435}.Debug|Any CPU.Build.0 = Debug|Any CPU
		{548820F6-1948-47C6-BDC7-C464252E5435}.Release|Any CPU.ActiveCfg = Release|Any CPU
		{548820F6-1948-47C6-BDC7-C464252E5435}.Release|Any CPU.Build.0 = Release|Any CPU
		{5C9360F0-D049-4D1C-8538-C2C17FD764E3}.Debug|Any CPU.ActiveCfg = Debug|Any CPU
		{5C9360F0-D049-4D1C-8538-C2C17FD764E3}.Debug|Any CPU.Build.0 = Debug|Any CPU
		{5C9360F0-D049-4D1C-8538-C2C17FD764E3}.Release|Any CPU.ActiveCfg = Release|Any CPU
		{5C9360F0-D049-4D1C-8538-C2C17FD764E3}.Release|Any CPU.Build.0 = Release|Any CPU
		{81FCF2FC-A91C-4893-8EC0-D83530CBB90E}.Debug|Any CPU.ActiveCfg = Debug|Any CPU
		{81FCF2FC-A91C-4893-8EC0-D83530CBB90E}.Debug|Any CPU.Build.0 = Debug|Any CPU
		{81FCF2FC-A91C-4893-8EC0-D83530CBB90E}.Release|Any CPU.ActiveCfg = Release|Any CPU
		{81FCF2FC-A91C-4893-8EC0-D83530CBB90E}.Release|Any CPU.Build.0 = Release|Any CPU
		{AB9F289F-CFF8-48A8-A3ED-86149F48EF88}.Debug|Any CPU.ActiveCfg = Debug|Any CPU
		{AB9F289F-CFF8-48A8-A3ED-86149F48EF88}.Debug|Any CPU.Build.0 = Debug|Any CPU
		{AB9F289F-CFF8-48A8-A3ED-86149F48EF88}.Release|Any CPU.ActiveCfg = Release|Any CPU
		{AB9F289F-CFF8-48A8-A3ED-86149F48EF88}.Release|Any CPU.Build.0 = Release|Any CPU
		{A719FF32-F507-439A-87A4-DDE59354B01C}.Debug|Any CPU.ActiveCfg = Debug|Any CPU
		{A719FF32-F507-439A-87A4-DDE59354B01C}.Debug|Any CPU.Build.0 = Debug|Any CPU
		{A719FF32-F507-439A-87A4-DDE59354B01C}.Release|Any CPU.ActiveCfg = Release|Any CPU
		{A719FF32-F507-439A-87A4-DDE59354B01C}.Release|Any CPU.Build.0 = Release|Any CPU
		{E05260DF-AE1C-4451-83DB-51324113C8AA}.Debug|Any CPU.ActiveCfg = Debug|Any CPU
		{E05260DF-AE1C-4451-83DB-51324113C8AA}.Debug|Any CPU.Build.0 = Debug|Any CPU
		{E05260DF-AE1C-4451-83DB-51324113C8AA}.Release|Any CPU.ActiveCfg = Release|Any CPU
		{E05260DF-AE1C-4451-83DB-51324113C8AA}.Release|Any CPU.Build.0 = Release|Any CPU
	EndGlobalSection
	GlobalSection(SolutionProperties) = preSolution
		HideSolutionNode = FALSE
	EndGlobalSection
	GlobalSection(NestedProjects) = preSolution
		{5C9360F0-D049-4D1C-8538-C2C17FD764E3} = {81A129FD-9B47-4F4A-B80C-1785A3DDB6CA}
		{81FCF2FC-A91C-4893-8EC0-D83530CBB90E} = {81A129FD-9B47-4F4A-B80C-1785A3DDB6CA}
		{AB9F289F-CFF8-48A8-A3ED-86149F48EF88} = {81A129FD-9B47-4F4A-B80C-1785A3DDB6CA}
		{A719FF32-F507-439A-87A4-DDE59354B01C} = {B8089D1A-39E2-4A11-834C-0BC3DEEE9D93}
		{E05260DF-AE1C-4451-83DB-51324113C8AA} = {4630727F-71ED-4B48-A705-22315C64CC4F}
	EndGlobalSection
	GlobalSection(ExtensibilityGlobals) = postSolution
		SolutionGuid = {3859D772-48C9-4531-BC8B-583D2B4DF111}
	EndGlobalSection
EndGlobal
