
Microsoft Visual Studio Solution File, Format Version 12.00
# Visual Studio Version 17
VisualStudioVersion = 17.8.34112.27
MinimumVisualStudioVersion = 10.0.40219.1
Project("{9A19103F-16F7-4668-BE54-9A1E7A4F7556}") = "Biwen.QuickApi", "Biwen.QuickApi\Biwen.QuickApi.csproj", "{6F9B9A49-F7BC-488B-A524-82AAEB91FC1B}"
EndProject
Project("{9A19103F-16F7-4668-BE54-9A1E7A4F7556}") = "Biwen.QuickApi.DemoWeb", "Biwen.QuickApi.DemoWeb\Biwen.QuickApi.DemoWeb.csproj", "{548820F6-1948-47C6-BDC7-C464252E5435}"
EndProject
Project("{2150E333-8FDC-42A3-9474-1A3956D46DE8}") = "Docs", "Docs", "{4630727F-71ED-4B48-A705-22315C64CC4F}"
EndProject
Project("{2150E333-8FDC-42A3-9474-1A3956D46DE8}") = "Solution Items", "Solution Items", "{C972BD5C-0F5C-4C85-A1FE-500A46DA5B42}"
	ProjectSection(SolutionItems) = preProject
		.editorconfig = .editorconfig
		.gitattributes = .gitattributes
		.gitignore = .gitignore
		LICENSE.txt = LICENSE.txt
		quickapi-schema.json = quickapi-schema.json
		README.md = README.md
		Version.Props = Version.Props
	EndProjectSection
EndProject
Project("{2150E333-8FDC-42A3-9474-1A3956D46DE8}") = "Benchmark", "Benchmark", "{81A129FD-9B47-4F4A-B80C-1785A3DDB6CA}"
EndProject
Project("{2150E333-8FDC-42A3-9474-1A3956D46DE8}") = "Tests", "Tests", "{B8089D1A-39E2-4A11-834C-0BC3DEEE9D93}"
EndProject
Project("{9A19103F-16F7-4668-BE54-9A1E7A4F7556}") = "Biwen.QuickApi.Test", "Biwen.QuickApi.Test\Biwen.QuickApi.Test.csproj", "{A719FF32-F507-439A-87A4-DDE59354B01C}"
EndProject
Project("{9A19103F-16F7-4668-BE54-9A1E7A4F7556}") = "Biwen.QuickApi.DocSite", "Biwen.QuickApi.DocSite\Biwen.QuickApi.DocSite.csproj", "{E05260DF-AE1C-4451-83DB-51324113C8AA}"
EndProject
Project("{2150E333-8FDC-42A3-9474-1A3956D46DE8}") = "Extensions", "Extensions", "{72E63A55-F682-4AC4-8ED5-535DE652DAC4}"
EndProject
Project("{9A19103F-16F7-4668-BE54-9A1E7A4F7556}") = "Biwen.QuickApi.Logging.Serilog", "Biwen.QuickApi.Logging.Serilog\Biwen.QuickApi.Logging.Serilog.csproj", "{2E963BC0-9CEC-4B26-8DBE-43B35B5D4EF4}"
EndProject
Project("{9A19103F-16F7-4668-BE54-9A1E7A4F7556}") = "Biwen.QuickApi.MiniProfiler", "Biwen.QuickApi.MiniProfiler\Biwen.QuickApi.MiniProfiler.csproj", "{57B4226B-C7D0-4C86-BB2E-8E979BDA1B15}"
EndProject
Project("{9A19103F-16F7-4668-BE54-9A1E7A4F7556}") = "Biwen.QuickApi.FeatureManagement", "Biwen.QuickApi.FeatureManagement\Biwen.QuickApi.FeatureManagement.csproj", "{DB01824E-876E-45C3-9C58-4FD866253A33}"
EndProject
Project("{FAE04EC0-301F-11D3-BF4B-00C04F79EFBC}") = "Biwen.QuickApi.Telemetry", "extensions\Biwen.QuickApi.Telemetry\Biwen.QuickApi.Telemetry.csproj", "{69240A66-4A4E-4D4C-A3BE-F2FF17708325}"
EndProject
Project("{9A19103F-16F7-4668-BE54-9A1E7A4F7556}") = "BenchmarkTestAot", "Benchmark\BenchmarkTestAot\BenchmarkTestAot.csproj", "{F8AB03D2-8F71-4A88-953A-49009ACAB9D1}"
EndProject
Project("{9A19103F-16F7-4668-BE54-9A1E7A4F7556}") = "BenchmarkTestWeb", "Benchmark\BenchmarkTestWeb\BenchmarkTestWeb.csproj", "{B2E58A4C-D64A-4AF6-AA02-89C63D97741E}"
EndProject
Project("{9A19103F-16F7-4668-BE54-9A1E7A4F7556}") = "Runner", "Benchmark\Runner\Runner.csproj", "{50652289-B4A2-4F74-85A9-0F0ECDA0C5EA}"
EndProject
Global
	GlobalSection(SolutionConfigurationPlatforms) = preSolution
		Debug|Any CPU = Debug|Any CPU
		Release|Any CPU = Release|Any CPU
	EndGlobalSection
	GlobalSection(ProjectConfigurationPlatforms) = postSolution
		{6F9B9A49-F7BC-488B-A524-82AAEB91FC1B}.Debug|Any CPU.ActiveCfg = Debug|Any CPU
		{6F9B9A49-F7BC-488B-A524-82AAEB91FC1B}.Debug|Any CPU.Build.0 = Debug|Any CPU
		{6F9B9A49-F7BC-488B-A524-82AAEB91FC1B}.Release|Any CPU.ActiveCfg = Release|Any CPU
		{6F9B9A49-F7BC-488B-A524-82AAEB91FC1B}.Release|Any CPU.Build.0 = Release|Any CPU
		{548820F6-1948-47C6-BDC7-C464252E5435}.Debug|Any CPU.ActiveCfg = Debug|Any CPU
		{548820F6-1948-47C6-BDC7-C464252E5435}.Debug|Any CPU.Build.0 = Debug|Any CPU
		{548820F6-1948-47C6-BDC7-C464252E5435}.Release|Any CPU.ActiveCfg = Release|Any CPU
		{548820F6-1948-47C6-BDC7-C464252E5435}.Release|Any CPU.Build.0 = Release|Any CPU
		{A719FF32-F507-439A-87A4-DDE59354B01C}.Debug|Any CPU.ActiveCfg = Debug|Any CPU
		{A719FF32-F507-439A-87A4-DDE59354B01C}.Debug|Any CPU.Build.0 = Debug|Any CPU
		{A719FF32-F507-439A-87A4-DDE59354B01C}.Release|Any CPU.ActiveCfg = Release|Any CPU
		{A719FF32-F507-439A-87A4-DDE59354B01C}.Release|Any CPU.Build.0 = Release|Any CPU
		{E05260DF-AE1C-4451-83DB-51324113C8AA}.Debug|Any CPU.ActiveCfg = Debug|Any CPU
		{E05260DF-AE1C-4451-83DB-51324113C8AA}.Debug|Any CPU.Build.0 = Debug|Any CPU
		{E05260DF-AE1C-4451-83DB-51324113C8AA}.Release|Any CPU.ActiveCfg = Release|Any CPU
		{E05260DF-AE1C-4451-83DB-51324113C8AA}.Release|Any CPU.Build.0 = Release|Any CPU
		{2E963BC0-9CEC-4B26-8DBE-43B35B5D4EF4}.Debug|Any CPU.ActiveCfg = Debug|Any CPU
		{2E963BC0-9CEC-4B26-8DBE-43B35B5D4EF4}.Debug|Any CPU.Build.0 = Debug|Any CPU
		{2E963BC0-9CEC-4B26-8DBE-43B35B5D4EF4}.Release|Any CPU.ActiveCfg = Release|Any CPU
		{2E963BC0-9CEC-4B26-8DBE-43B35B5D4EF4}.Release|Any CPU.Build.0 = Release|Any CPU
		{57B4226B-C7D0-4C86-BB2E-8E979BDA1B15}.Debug|Any CPU.ActiveCfg = Debug|Any CPU
		{57B4226B-C7D0-4C86-BB2E-8E979BDA1B15}.Debug|Any CPU.Build.0 = Debug|Any CPU
		{57B4226B-C7D0-4C86-BB2E-8E979BDA1B15}.Release|Any CPU.ActiveCfg = Release|Any CPU
		{57B4226B-C7D0-4C86-BB2E-8E979BDA1B15}.Release|Any CPU.Build.0 = Release|Any CPU
		{DB01824E-876E-45C3-9C58-4FD866253A33}.Debug|Any CPU.ActiveCfg = Debug|Any CPU
		{DB01824E-876E-45C3-9C58-4FD866253A33}.Debug|Any CPU.Build.0 = Debug|Any CPU
		{DB01824E-876E-45C3-9C58-4FD866253A33}.Release|Any CPU.ActiveCfg = Release|Any CPU
		{DB01824E-876E-45C3-9C58-4FD866253A33}.Release|Any CPU.Build.0 = Release|Any CPU
		{69240A66-4A4E-4D4C-A3BE-F2FF17708325}.Debug|Any CPU.ActiveCfg = Debug|Any CPU
		{69240A66-4A4E-4D4C-A3BE-F2FF17708325}.Debug|Any CPU.Build.0 = Debug|Any CPU
		{69240A66-4A4E-4D4C-A3BE-F2FF17708325}.Release|Any CPU.ActiveCfg = Release|Any CPU
		{69240A66-4A4E-4D4C-A3BE-F2FF17708325}.Release|Any CPU.Build.0 = Release|Any CPU
		{F8AB03D2-8F71-4A88-953A-49009ACAB9D1}.Debug|Any CPU.ActiveCfg = Debug|Any CPU
		{F8AB03D2-8F71-4A88-953A-49009ACAB9D1}.Debug|Any CPU.Build.0 = Debug|Any CPU
		{F8AB03D2-8F71-4A88-953A-49009ACAB9D1}.Release|Any CPU.ActiveCfg = Release|Any CPU
		{F8AB03D2-8F71-4A88-953A-49009ACAB9D1}.Release|Any CPU.Build.0 = Release|Any CPU
		{B2E58A4C-D64A-4AF6-AA02-89C63D97741E}.Debug|Any CPU.ActiveCfg = Debug|Any CPU
		{B2E58A4C-D64A-4AF6-AA02-89C63D97741E}.Debug|Any CPU.Build.0 = Debug|Any CPU
		{B2E58A4C-D64A-4AF6-AA02-89C63D97741E}.Release|Any CPU.ActiveCfg = Release|Any CPU
		{B2E58A4C-D64A-4AF6-AA02-89C63D97741E}.Release|Any CPU.Build.0 = Release|Any CPU
		{50652289-B4A2-4F74-85A9-0F0ECDA0C5EA}.Debug|Any CPU.ActiveCfg = Debug|Any CPU
		{50652289-B4A2-4F74-85A9-0F0ECDA0C5EA}.Debug|Any CPU.Build.0 = Debug|Any CPU
		{50652289-B4A2-4F74-85A9-0F0ECDA0C5EA}.Release|Any CPU.ActiveCfg = Release|Any CPU
		{50652289-B4A2-4F74-85A9-0F0ECDA0C5EA}.Release|Any CPU.Build.0 = Release|Any CPU
	EndGlobalSection
	GlobalSection(SolutionProperties) = preSolution
		HideSolutionNode = FALSE
	EndGlobalSection
	GlobalSection(NestedProjects) = preSolution
		{A719FF32-F507-439A-87A4-DDE59354B01C} = {B8089D1A-39E2-4A11-834C-0BC3DEEE9D93}
		{E05260DF-AE1C-4451-83DB-51324113C8AA} = {4630727F-71ED-4B48-A705-22315C64CC4F}
		{2E963BC0-9CEC-4B26-8DBE-43B35B5D4EF4} = {72E63A55-F682-4AC4-8ED5-535DE652DAC4}
		{57B4226B-C7D0-4C86-BB2E-8E979BDA1B15} = {72E63A55-F682-4AC4-8ED5-535DE652DAC4}
		{DB01824E-876E-45C3-9C58-4FD866253A33} = {72E63A55-F682-4AC4-8ED5-535DE652DAC4}
		{69240A66-4A4E-4D4C-A3BE-F2FF17708325} = {72E63A55-F682-4AC4-8ED5-535DE652DAC4}
		{F8AB03D2-8F71-4A88-953A-49009ACAB9D1} = {81A129FD-9B47-4F4A-B80C-1785A3DDB6CA}
		{B2E58A4C-D64A-4AF6-AA02-89C63D97741E} = {81A129FD-9B47-4F4A-B80C-1785A3DDB6CA}
		{50652289-B4A2-4F74-85A9-0F0ECDA0C5EA} = {81A129FD-9B47-4F4A-B80C-1785A3DDB6CA}
	EndGlobalSection
	GlobalSection(ExtensibilityGlobals) = postSolution
		SolutionGuid = {3859D772-48C9-4531-BC8B-583D2B4DF111}
	EndGlobalSection
EndGlobal
